# This file is automatically @generated by Poetry 2.0.1 and should not be changed by hand.

[[package]]
name = "faker"
version = "36.1.1"
description = "Faker is a Python package that generates fake data for you."
optional = false
python-versions = ">=3.9"
groups = ["main"]
files = [
    {file = "Faker-36.1.1-py3-none-any.whl", hash = "sha256:ad1f1be7fd692ec0256517404a9d7f007ab36ac5d4674082fa72404049725eaa"},
    {file = "faker-36.1.1.tar.gz", hash = "sha256:7cb2bbd4c8f040e4a340ae4019e9a48b6cf1db6a71bda4e5a61d8d13b7bef28d"},
]

[package.dependencies]
tzdata = "*"

[[package]]
name = "tzdata"
version = "2025.1"
description = "Provider of IANA time zone data"
optional = false
python-versions = ">=2"
groups = ["main"]
files = [
    {file = "tzdata-2025.1-py2.py3-none-any.whl", hash = "sha256:7e127113816800496f027041c570f50bcd464a020098a3b6b199517772303639"},
    {file = "tzdata-2025.1.tar.gz", hash = "sha256:24894909e88cdb28bd1636c6887801df64cb485bd593f2fd83ef29075a81d694"},
]

[metadata]
lock-version = "2.1"
python-versions = ">=3.11"
content-hash = "ab0273fce18a51545040ea749b12b1f5f4a61ee3f36cf72174093a5f65cf5a0a"
